<Solution>
  <Folder Name="/src/">
    <Project Path="src/OnMuhasebe.Domain/OnMuhasebe.Domain.csproj" />
    <Project Path="src/OnMuhasebe.Application/OnMuhasebe.Application.csproj" />
    <Project Path="src/OnMuhasebe.Infrastructure/OnMuhasebe.Infrastructure.csproj" />
    <Project Path="src/OnMuhasebe.Web/OnMuhasebe.Web.csproj" />
  </Folder>
  <Folder Name="/tests/">
    <Project Path="tests/OnMuhasebe.UnitTests/OnMuhasebe.UnitTests.csproj" />
    <Project Path="tests/OnMuhasebe.IntegrationTests/OnMuhasebe.IntegrationTests.csproj" />
  </Folder>
  <Folder Name="/Solution Items/">
    <File Path=".editorconfig" />
    <File Path="Directory.Build.props" />
    <File Path="Directory.Packages.props" />
    <File Path="global.json" />
  </Folder>
</Solution>
